github.com/blbgo/general v0.1.0 h1:H8RPRLgqqc2OHCY1BK7yAzRTy2j3qM3YsnqqVITiHB4=
github.com/blbgo/general v0.1.0/go.mod h1:A2ZPvWZlUUTB50b1nG7iRsLYFYBazkLFAnC2UzEzZU8=
github.com/blbgo/testing v0.1.0 h1:8zks6K0Wm88cYz3LkWzpgUp/9BUrJ5uwtlDeUxKhRns=
github.com/blbgo/testing v0.1.0/go.mod h1:ei7aZNCzvRMgzZhHng1ivx2NeUpwZUeanUdwQIIsJvI=
